// !$*UTF8*$!
{
	archiveVersion = 1;
	classes = {
	};
	objectVersion = 46;
	objects = {

/* Begin PBXBuildFile section */
		140665061C31667900884D7A /* AppDelegate.swift in Sources */ = {isa = PBXBuildFile; fileRef = 140665051C31667900884D7A /* AppDelegate.swift */; };
		140665081C31667900884D7A /* ViewController.swift in Sources */ = {isa = PBXBuildFile; fileRef = 140665071C31667900884D7A /* ViewController.swift */; };
		1406650B1C31667900884D7A /* Main.storyboard in Resources */ = {isa = PBXBuildFile; fileRef = 140665091C31667900884D7A /* Main.storyboard */; };
		1406650E1C31667900884D7A /* BeConnected.xcdatamodeld in Sources */ = {isa = PBXBuildFile; fileRef = 1406650C1C31667900884D7A /* BeConnected.xcdatamodeld */; };
		140665101C31667A00884D7A /* Assets.xcassets in Resources */ = {isa = PBXBuildFile; fileRef = 1406650F1C31667A00884D7A /* Assets.xcassets */; };
		140665131C31667A00884D7A /* LaunchScreen.storyboard in Resources */ = {isa = PBXBuildFile; fileRef = 140665111C31667A00884D7A /* LaunchScreen.storyboard */; };
/* End PBXBuildFile section */

/* Begin PBXFileReference section */
		140665021C31667900884D7A /* BeConnected.app */ = {isa = PBXFileReference; explicitFileType = wrapper.application; includeInIndex = 0; path = BeConnected.app; sourceTree = BUILT_PRODUCTS_DIR; };
		140665051C31667900884D7A /* AppDelegate.swift */ = {isa = PBXFileReference; lastKnownFileType = sourcecode.swift; path = AppDelegate.swift; sourceTree = "<group>"; };
		140665071C31667900884D7A /* ViewController.swift */ = {isa = PBXFileReference; lastKnownFileType = sourcecode.swift; path = ViewController.swift; sourceTree = "<group>"; };
		1406650A1C31667900884D7A /* Base */ = {isa = PBXFileReference; lastKnownFileType = file.storyboard; name = Base; path = Base.lproj/Main.storyboard; sourceTree = "<group>"; };
		1406650D1C31667900884D7A /* BeConnected.xcdatamodel */ = {isa = PBXFileReference; lastKnownFileType = wrapper.xcdatamodel; path = BeConnected.xcdatamodel; sourceTree = "<group>"; };
		1406650F1C31667A00884D7A /* Assets.xcassets */ = {isa = PBXFileReference; lastKnownFileType = folder.assetcatalog; path = Assets.xcassets; sourceTree = "<group>"; };
		140665121C31667A00884D7A /* Base */ = {isa = PBXFileReference; lastKnownFileType = file.storyboard; name = Base; path = Base.lproj/LaunchScreen.storyboard; sourceTree = "<group>"; };
		140665141C31667A00884D7A /* Info.plist */ = {isa = PBXFileReference; lastKnownFileType = text.plist.xml; path = Info.plist; sourceTree = "<group>"; };
/* End PBXFileReference section */

/* Begin PBXFrameworksBuildPhase section */
		140664FF1C31667900884D7A /* Frameworks */ = {
			isa = PBXFrameworksBuildPhase;
			buildActionMask = 2147483647;
			files = (
			);
			runOnlyForDeploymentPostprocessing = 0;
		};
/* End PBXFrameworksBuildPhase section */

/* Begin PBXGroup section */
		140664F91C31667900884D7A = {
			isa = PBXGroup;
			children = (
				140665041C31667900884D7A /* BeConnected */,
				140665031C31667900884D7A /* Products */,
			);
			sourceTree = "<group>";
		};
		140665031C31667900884D7A /* Products */ = {
			isa = PBXGroup;
			children = (
				140665021C31667900884D7A /* BeConnected.app */,
			);
			name = Products;
			sourceTree = "<group>";
		};
		140665041C31667900884D7A /* BeConnected */ = {
			isa = PBXGroup;
			children = (
				140665051C31667900884D7A /* AppDelegate.swift */,
				140665071C31667900884D7A /* ViewController.swift */,
				140665091C31667900884D7A /* Main.storyboard */,
				1406650F1C31667A00884D7A /* Assets.xcassets */,
				140665111C31667A00884D7A /* LaunchScreen.storyboard */,
				140665141C31667A00884D7A /* Info.plist */,
				1406650C1C31667900884D7A /* BeConnected.xcdatamodeld */,
			);
			path = BeConnected;
			sourceTree = "<group>";
		};
/* End PBXGroup section */

/* Begin PBXNativeTarget section */
		140665011C31667900884D7A /* BeConnected */ = {
			isa = PBXNativeTarget;
			buildConfigurationList = 140665171C31667A00884D7A /* Build configuration list for PBXNativeTarget "BeConnected" */;
			buildPhases = (
				140664FE1C31667900884D7A /* Sources */,
				140664FF1C31667900884D7A /* Frameworks */,
				140665001C31667900884D7A /* Resources */,
			);
			buildRules = (
			);
			dependencies = (
			);
			name = BeConnected;
			productName = BeConnected;
			productReference = 140665021C31667900884D7A /* BeConnected.app */;
			productType = "com.apple.product-type.application";
		};
/* End PBXNativeTarget section */

/* Begin PBXProject section */
		140664FA1C31667900884D7A /* Project object */ = {
			isa = PBXProject;
			attributes = {
				LastSwiftUpdateCheck = 0710;
				LastUpgradeCheck = 0710;
				ORGANIZATIONNAME = "Noura Rizk";
				TargetAttributes = {
					140665011C31667900884D7A = {
						CreatedOnToolsVersion = 7.1;
						DevelopmentTeam = EMFZC5SJ44;
					};
				};
			};
			buildConfigurationList = 140664FD1C31667900884D7A /* Build configuration list for PBXProject "BeConnected" */;
			compatibilityVersion = "Xcode 3.2";
			developmentRegion = English;
			hasScannedForEncodings = 0;
			knownRegions = (
				en,
				Base,
			);
			mainGroup = 140664F91C31667900884D7A;
			productRefGroup = 140665031C31667900884D7A /* Products */;
			projectDirPath = "";
			projectRoot = "";
			targets = (
				140665011C31667900884D7A /* BeConnected */,
			);
		};
/* End PBXProject section */

/* Begin PBXResourcesBuildPhase section */
		140665001C31667900884D7A /* Resources */ = {
			isa = PBXResourcesBuildPhase;
			buildActionMask = 2147483647;
			files = (
				140665131C31667A00884D7A /* LaunchScreen.storyboard in Resources */,
				140665101C31667A00884D7A /* Assets.xcassets in Resources */,
				1406650B1C31667900884D7A /* Main.storyboard in Resources */,
			);
			runOnlyForDeploymentPostprocessing = 0;
		};
/* End PBXResourcesBuildPhase section */

/* Begin PBXSourcesBuildPhase section */
		140664FE1C31667900884D7A /* Sources */ = {
			isa = PBXSourcesBuildPhase;
			buildActionMask = 2147483647;
			files = (
				140665081C31667900884D7A /* ViewController.swift in Sources */,
				140665061C31667900884D7A /* AppDelegate.swift in Sources */,
				1406650E1C31667900884D7A /* BeConnected.xcdatamodeld in Sources */,
			);
			runOnlyForDeploymentPostprocessing = 0;
		};
/* End PBXSourcesBuildPhase section */

/* Begin PBXVariantGroup section */
		140665091C31667900884D7A /* Main.storyboard */ = {
			isa = PBXVariantGroup;
			children = (
				1406650A1C31667900884D7A /* Base */,
			);
			name = Main.storyboard;
			sourceTree = "<group>";
		};
		140665111C31667A00884D7A /* LaunchScreen.storyboard */ = {
			isa = PBXVariantGroup;
			children = (
				140665121C31667A00884D7A /* Base */,
			);
			name = LaunchScreen.storyboard;
			sourceTree = "<group>";
		};
/* End PBXVariantGroup section */

/* Begin XCBuildConfiguration section */
		140665151C31667A00884D7A /* Debug */ = {
			isa = XCBuildConfiguration;
			buildSettings = {
				ALWAYS_SEARCH_USER_PATHS = NO;
				CLANG_CXX_LANGUAGE_STANDARD = "gnu++0x";
				CLANG_CXX_LIBRARY = "libc++";
				CLANG_ENABLE_MODULES = YES;
				CLANG_ENABLE_OBJC_ARC = YES;
				CLANG_WARN_BOOL_CONVERSION = YES;
				CLANG_WARN_CONSTANT_CONVERSION = YES;
				CLANG_WARN_DIRECT_OBJC_ISA_USAGE = YES_ERROR;
				CLANG_WARN_EMPTY_BODY = YES;
				CLANG_WARN_ENUM_CONVERSION = YES;
				CLANG_WARN_INT_CONVERSION = YES;
				CLANG_WARN_OBJC_ROOT_CLASS = YES_ERROR;
				CLANG_WARN_UNREACHABLE_CODE = YES;
				CLANG_WARN__DUPLICATE_METHOD_MATCH = YES;
				"CODE_SIGN_IDENTITY[sdk=iphoneos*]" = "iPhone Developer";
				COPY_PHASE_STRIP = NO;
				DEBUG_INFORMATION_FORMAT = dwarf;
				ENABLE_STRICT_OBJC_MSGSEND = YES;
				ENABLE_TESTABILITY = YES;
				GCC_C_LANGUAGE_STANDARD = gnu99;
				GCC_DYNAMIC_NO_PIC = NO;
				GCC_NO_COMMON_BLOCKS = YES;
				GCC_OPTIMIZATION_LEVEL = 0;
				GCC_PREPROCESSOR_DEFINITIONS = (
					"DEBUG=1",
					"$(inherited)",
				);
				GCC_WARN_64_TO_32_BIT_CONVERSION = YES;
				GCC_WARN_ABOUT_RETURN_TYPE = YES_ERROR;
				GCC_WARN_UNDECLARED_SELECTOR = YES;
				GCC_WARN_UNINITIALIZED_AUTOS = YES_AGGRESSIVE;
				GCC_WARN_UNUSED_FUNCTION = YES;
				GCC_WARN_UNUSED_VARIABLE = YES;
				IPHONEOS_DEPLOYMENT_TARGET = 9.1;
				MTL_ENABLE_DEBUG_INFO = YES;
				ONLY_ACTIVE_ARCH = YES;
				SDKROOT = iphoneos;
				SWIFT_OPTIMIZATION_LEVEL = "-Onone";
				TARGETED_DEVICE_FAMILY = "1,2";
			};
			name = Debug;
		};
		140665161C31667A00884D7A /* Release */ = {
			isa = XCBuildConfiguration;
			buildSettings = {
				ALWAYS_SEARCH_USER_PATHS = NO;
				CLANG_CXX_LANGUAGE_STANDARD = "gnu++0x";
				CLANG_CXX_LIBRARY = "libc++";
				CLANG_ENABLE_MODULES = YES;
				CLANG_ENABLE_OBJC_ARC = YES;
				CLANG_WARN_BOOL_CONVERSION = YES;
				CLANG_WARN_CONSTANT_CONVERSION = YES;
				CLANG_WARN_DIRECT_OBJC_ISA_USAGE = YES_ERROR;
				CLANG_WARN_EMPTY_BODY = YES;
				CLANG_WARN_ENUM_CONVERSION = YES;
				CLANG_WARN_INT_CONVERSION = YES;
				CLANG_WARN_OBJC_ROOT_CLASS = YES_ERROR;
				CLANG_WARN_UNREACHABLE_CODE = YES;
				CLANG_WARN__DUPLICATE_METHOD_MATCH = YES;
				"CODE_SIGN_IDENTITY[sdk=iphoneos*]" = "iPhone Developer";
				COPY_PHASE_STRIP = NO;
				DEBUG_INFORMATION_FORMAT = "dwarf-with-dsym";
				ENABLE_NS_ASSERTIONS = NO;
				ENABLE_STRICT_OBJC_MSGSEND = YES;
				GCC_C_LANGUAGE_STANDARD = gnu99;
				GCC_NO_COMMON_BLOCKS = YES;
				GCC_WARN_64_TO_32_BIT_CONVERSION = YES;
				GCC_WARN_ABOUT_RETURN_TYPE = YES_ERROR;
				GCC_WARN_UNDECLARED_SELECTOR = YES;
				GCC_WARN_UNINITIALIZED_AUTOS = YES_AGGRESSIVE;
				GCC_WARN_UNUSED_FUNCTION = YES;
				GCC_WARN_UNUSED_VARIABLE = YES;
				IPHONEOS_DEPLOYMENT_TARGET = 9.1;
				MTL_ENABLE_DEBUG_INFO = NO;
				SDKROOT = iphoneos;
				TARGETED_DEVICE_FAMILY = "1,2";
				VALIDATE_PRODUCT = YES;
			};
			name = Release;
		};
		140665181C31667A00884D7A /* Debug */ = {
			isa = XCBuildConfiguration;
			buildSettings = {
				ASSETCATALOG_COMPILER_APPICON_NAME = AppIcon;
				INFOPLIST_FILE = BeConnected/Info.plist;
				LD_RUNPATH_SEARCH_PATHS = "$(inherited) @executable_path/Frameworks";
				PRODUCT_BUNDLE_IDENTIFIER = co.ntime.BeConnected;
				PRODUCT_NAME = "$(TARGET_NAME)";
			};
			name = Debug;
		};
		140665191C31667A00884D7A /* Release */ = {
			isa = XCBuildConfiguration;
			buildSettings = {
				ASSETCATALOG_COMPILER_APPICON_NAME = AppIcon;
				INFOPLIST_FILE = BeConnected/Info.plist;
				LD_RUNPATH_SEARCH_PATHS = "$(inherited) @executable_path/Frameworks";
				PRODUCT_BUNDLE_IDENTIFIER = co.ntime.BeConnected;
				PRODUCT_NAME = "$(TARGET_NAME)";
			};
			name = Release;
		};
/* End XCBuildConfiguration section */

/* Begin XCConfigurationList section */
		140664FD1C31667900884D7A /* Build configuration list for PBXProject "BeConnected" */ = {
			isa = XCConfigurationList;
			buildConfigurations = (
				140665151C31667A00884D7A /* Debug */,
				140665161C31667A00884D7A /* Release */,
			);
			defaultConfigurationIsVisible = 0;
			defaultConfigurationName = Release;
		};
		140665171C31667A00884D7A /* Build configuration list for PBXNativeTarget "BeConnected" */ = {
			isa = XCConfigurationList;
			buildConfigurations = (
				140665181C31667A00884D7A /* Debug */,
				140665191C31667A00884D7A /* Release */,
			);
			defaultConfigurationIsVisible = 0;
		};
/* End XCConfigurationList section */

/* Begin XCVersionGroup section */
		1406650C1C31667900884D7A /* BeConnected.xcdatamodeld */ = {
			isa = XCVersionGroup;
			children = (
				1406650D1C31667900884D7A /* BeConnected.xcdatamodel */,
			);
			currentVersion = 1406650D1C31667900884D7A /* BeConnected.xcdatamodel */;
			path = BeConnected.xcdatamodeld;
			sourceTree = "<group>";
			versionGroupType = wrapper.xcdatamodel;
		};
/* End XCVersionGroup section */
	};
	rootObject = 140664FA1C31667900884D7A /* Project object */;
}
